{
  "nodes": {
    "easy-dhall-nix": {
      "flake": false,
      "locked": {
        "lastModified": 1626523404,
        "narHash": "sha256-FLZcMqO8dKIwKi8/Szqgt3ksr5WegLGFGzCODHEMvb0=",
        "owner": "justinwoo",
        "repo": "easy-dhall-nix",
        "rev": "9bd1bea0dcebe1d1d120c0fd1ba76683dc4a62e3",
        "type": "github"
      },
      "original": {
        "owner": "justinwoo",
        "repo": "easy-dhall-nix",
        "type": "github"
      }
    },
    "easy-purescript-nix": {
      "flake": false,
      "locked": {
        "lastModified": 1637309859,
        "narHash": "sha256-nYaVqtsz7bgPjIr2crgEP42worQT3iho62t4c+RCWGM=",
        "owner": "justinwoo",
        "repo": "easy-purescript-nix",
        "rev": "82f901ce0a2d86327e2d65993a75c2ea74f229f2",
        "type": "github"
      },
      "original": {
        "owner": "justinwoo",
        "repo": "easy-purescript-nix",
        "type": "github"
      }
    },
    "home-manager": {
      "inputs": {
        "nixpkgs": [
          "nixpkgs"
        ]
      },
      "locked": {
        "lastModified": 1637481586,
        "narHash": "sha256-cvgegmCRfNFuA/vPseMcSptmlNqD2nC0lLI9BQWU46A=",
        "owner": "nix-community",
        "repo": "home-manager",
        "rev": "1abd311eef125e7b64dff723f198d15e5aca2dd4",
        "type": "github"
      },
      "original": {
        "owner": "nix-community",
        "repo": "home-manager",
        "type": "github"
      }
    },
    "nixos-unstable": {
      "locked": {
        "lastModified": 1637155076,
        "narHash": "sha256-26ZPNiuzlsnXpt55Q44+yzXvp385aNAfevzVEKbrU5Q=",
        "owner": "nixos",
        "repo": "nixpkgs",
        "rev": "715f63411952c86c8f57ab9e3e3cb866a015b5f2",
        "type": "github"
      },
      "original": {
        "owner": "nixos",
        "ref": "nixos-unstable",
        "repo": "nixpkgs",
        "type": "github"
      }
    },
    "nixpkgs": {
      "locked": {
        "lastModified": 1637497871,
        "narHash": "sha256-UXjWFjZSQW56Ax2fKspG0aezeRmV7j4WAbkbnZpIFtk=",
        "owner": "nixos",
        "repo": "nixpkgs",
        "rev": "d5c4e868ce3783a95bc1dd898777f09af7ff69ee",
        "type": "github"
      },
      "original": {
        "owner": "nixos",
        "ref": "release-21.05",
        "repo": "nixpkgs",
        "type": "github"
      }
    },
    "root": {
      "inputs": {
        "easy-dhall-nix": "easy-dhall-nix",
        "easy-purescript-nix": "easy-purescript-nix",
        "home-manager": "home-manager",
        "nixos-unstable": "nixos-unstable",
        "nixpkgs": "nixpkgs"
      }
    }
  },
  "root": "root",
  "version": 7
}
