{
  "nodes": {
    "easy-dhall-nix": {
      "flake": false,
      "locked": {
        "lastModified": 1645736928,
        "narHash": "sha256-jjEqfh+M73+t2Iq/IKjAGr2d2kGUeo9A7Wu7V0IxdzI=",
        "owner": "justinwoo",
        "repo": "easy-dhall-nix",
        "rev": "dce9acbb99776a7f1344db4751d6080380f76f57",
        "type": "github"
      },
      "original": {
        "owner": "justinwoo",
        "repo": "easy-dhall-nix",
        "type": "github"
      }
    },
    "easy-purescript-nix": {
      "flake": false,
      "locked": {
        "lastModified": 1646209831,
        "narHash": "sha256-or8Z6aMWdrqcmFA0hhjjb6FIiW14C0ruwXAqy+zYZ8g=",
        "owner": "justinwoo",
        "repo": "easy-purescript-nix",
        "rev": "aa72388ca0fb72ed64467f59a121db1f104897db",
        "type": "github"
      },
      "original": {
        "owner": "justinwoo",
        "repo": "easy-purescript-nix",
        "type": "github"
      }
    },
    "fish-plugin-z": {
      "flake": false,
      "locked": {
        "lastModified": 1626157139,
        "narHash": "sha256-pWkEhjbcxXduyKz1mAFo90IuQdX7R8bLCQgb0R+hXs4=",
        "owner": "jethrokuan",
        "repo": "z",
        "rev": "45a9ff6d0932b0e9835cbeb60b9794ba706eef10",
        "type": "github"
      },
      "original": {
        "owner": "jethrokuan",
        "repo": "z",
        "type": "github"
      }
    },
    "fish-theme-agnoster": {
      "flake": false,
      "locked": {
        "lastModified": 1641807476,
        "narHash": "sha256-qi4G08yA21iKsTGR8qBlYp36xflW2UqNYlCjn+vRfLc=",
        "owner": "oh-my-fish",
        "repo": "theme-agnoster",
        "rev": "1ffca413bfbc8941c28982eea97c1e1fa3612d57",
        "type": "github"
      },
      "original": {
        "owner": "oh-my-fish",
        "repo": "theme-agnoster",
        "type": "github"
      }
    },
    "fish-theme-dangerous": {
      "flake": false,
      "locked": {
        "lastModified": 1547694252,
        "narHash": "sha256-OnbS1X/FQaEyVIlgR7YOJlAUu3bgnm2UWk5vm80Cvvc=",
        "owner": "oh-my-fish",
        "repo": "theme-dangerous",
        "rev": "3cdfc82060ba280b44f1f0c6616675f36a275467",
        "type": "github"
      },
      "original": {
        "owner": "oh-my-fish",
        "repo": "theme-dangerous",
        "type": "github"
      }
    },
    "fish-theme-harleen": {
      "flake": false,
      "locked": {
        "lastModified": 1631660209,
        "narHash": "sha256-DHGjy7UGzy+vuzHrw49KP0nePKvx7sMMMrPj2mbGoJA=",
        "owner": "aneveux",
        "repo": "theme-harleen",
        "rev": "caf53d792038e78faa7b6b6b98669abc171c5e64",
        "type": "github"
      },
      "original": {
        "owner": "aneveux",
        "repo": "theme-harleen",
        "type": "github"
      }
    },
    "flake-compat": {
      "flake": false,
      "locked": {
        "lastModified": 1641205782,
        "narHash": "sha256-4jY7RCWUoZ9cKD8co0/4tFARpWB+57+r1bLLvXNJliY=",
        "owner": "edolstra",
        "repo": "flake-compat",
        "rev": "b7547d3eed6f32d06102ead8991ec52ab0a4f1a7",
        "type": "github"
      },
      "original": {
        "owner": "edolstra",
        "repo": "flake-compat",
        "type": "github"
      }
    },
    "flake-compat_2": {
      "flake": false,
      "locked": {
        "lastModified": 1641205782,
        "narHash": "sha256-4jY7RCWUoZ9cKD8co0/4tFARpWB+57+r1bLLvXNJliY=",
        "owner": "edolstra",
        "repo": "flake-compat",
        "rev": "b7547d3eed6f32d06102ead8991ec52ab0a4f1a7",
        "type": "github"
      },
      "original": {
        "owner": "edolstra",
        "repo": "flake-compat",
        "type": "github"
      }
    },
    "flake-utils": {
      "locked": {
        "lastModified": 1644229661,
        "narHash": "sha256-1YdnJAsNy69bpcjuoKdOYQX0YxZBiCYZo4Twxerqv7k=",
        "owner": "numtide",
        "repo": "flake-utils",
        "rev": "3cecb5b042f7f209c56ffd8371b2711a290ec797",
        "type": "github"
      },
      "original": {
        "owner": "numtide",
        "repo": "flake-utils",
        "type": "github"
      }
    },
    "flake-utils_2": {
      "locked": {
        "lastModified": 1638122382,
        "narHash": "sha256-sQzZzAbvKEqN9s0bzWuYmRaA03v40gaJ4+iL1LXjaeI=",
        "owner": "numtide",
        "repo": "flake-utils",
        "rev": "74f7e4319258e287b0f9cb95426c9853b282730b",
        "type": "github"
      },
      "original": {
        "owner": "numtide",
        "repo": "flake-utils",
        "type": "github"
      }
    },
    "githubNvimTheme": {
      "flake": false,
      "locked": {
        "lastModified": 1645953701,
        "narHash": "sha256-FZGmcsc0GWW32gEvcBkJh+oFPjRamsFTRJd8VTAf5QY=",
        "owner": "projekt0n",
        "repo": "github-nvim-theme",
        "rev": "4ad832edd70be94af43fd3f21065e73987b4176e",
        "type": "github"
      },
      "original": {
        "owner": "projekt0n",
        "repo": "github-nvim-theme",
        "type": "github"
      }
    },
    "home-manager": {
      "inputs": {
        "nixpkgs": [
          "nixpkgs"
        ]
      },
      "locked": {
        "lastModified": 1646559628,
        "narHash": "sha256-WDoqxH/IPTV8CkI15wwzvXYgXq9UPr8xd8WKziuaynw=",
        "owner": "nix-community",
        "repo": "home-manager",
        "rev": "afe96e7433c513bf82375d41473c57d1f66b4e68",
        "type": "github"
      },
      "original": {
        "owner": "nix-community",
        "repo": "home-manager",
        "type": "github"
      }
    },
    "neovim-flake": {
      "inputs": {
        "flake-utils": "flake-utils",
        "nixpkgs": [
          "neovim-nightly-overlay",
          "nixpkgs"
        ]
      },
      "locked": {
        "dir": "contrib",
        "lastModified": 1646712943,
        "narHash": "sha256-FuYXH7g8OW8P+mAMLP/zx3zJOENtGIv5tLaOzKPP+is=",
        "owner": "neovim",
        "repo": "neovim",
        "rev": "2783f4cc4a410cd3b73e8cdfbdf8c859c426c6c6",
        "type": "github"
      },
      "original": {
        "dir": "contrib",
        "owner": "neovim",
        "repo": "neovim",
        "type": "github"
      }
    },
    "neovim-nightly-overlay": {
      "inputs": {
        "flake-compat": "flake-compat",
        "neovim-flake": "neovim-flake",
        "nixpkgs": [
          "nixpkgs"
        ]
      },
      "locked": {
        "lastModified": 1646727299,
        "narHash": "sha256-i18vMn+iXvPRAxPb96lEuEVkrQ75qKEZZomfo67JRJI=",
        "owner": "nix-community",
        "repo": "neovim-nightly-overlay",
        "rev": "c26d33c2fbcf5f689a2592b2353f4f8765eea1da",
        "type": "github"
      },
      "original": {
        "owner": "nix-community",
        "repo": "neovim-nightly-overlay",
        "type": "github"
      }
    },
    "nixos-unstable": {
      "locked": {
        "lastModified": 1646497237,
        "narHash": "sha256-Ccpot1h/rV8MgcngDp5OrdmLTMaUTbStZTR5/sI7zW0=",
        "owner": "nixos",
        "repo": "nixpkgs",
        "rev": "062a0c5437b68f950b081bbfc8a699d57a4ee026",
        "type": "github"
      },
      "original": {
        "owner": "nixos",
        "ref": "nixos-unstable",
        "repo": "nixpkgs",
        "type": "github"
      }
    },
    "nixpkgs": {
      "locked": {
        "lastModified": 1646675913,
        "narHash": "sha256-ZvGf51XpXM7JojKLZ5yI0XLUq8UOFX6AwZ3bhtdcpIo=",
        "owner": "nixos",
        "repo": "nixpkgs",
        "rev": "9b1c7ba323732ddc85a51850a7f10ecc5269b8e9",
        "type": "github"
      },
      "original": {
        "owner": "nixos",
        "ref": "release-21.11",
        "repo": "nixpkgs",
        "type": "github"
      }
    },
    "nixpkgs-unstable": {
      "locked": {
        "lastModified": 1646470760,
        "narHash": "sha256-dQISyucVCCPaFioUhy5ZgfBz8rOMKGI8k13aPDFTqEs=",
        "owner": "nixos",
        "repo": "nixpkgs",
        "rev": "1fc7212a2c3992eedc6eedf498955c321ad81cc2",
        "type": "github"
      },
      "original": {
        "owner": "nixos",
        "ref": "nixpkgs-unstable",
        "repo": "nixpkgs",
        "type": "github"
      }
    },
    "nixpkgs_2": {
      "locked": {
        "lastModified": 1642130244,
        "narHash": "sha256-/5FhZkZFQCRQIRFosUQW1zmDrsNHVOJIB/+XgRPHiPU=",
        "owner": "NixOS",
        "repo": "nixpkgs",
        "rev": "bc59ba15b64d0a0ee1d1764f18b4f3480d2c3e5a",
        "type": "github"
      },
      "original": {
        "owner": "NixOS",
        "ref": "nixpkgs-unstable",
        "repo": "nixpkgs",
        "type": "github"
      }
    },
    "oh-my-fish": {
      "flake": false,
      "locked": {
        "lastModified": 1646778488,
        "narHash": "sha256-7mBxP5F81U+V0ahrsXL0vGPivTbKMnqYE5vgG/IOBe8=",
        "owner": "oh-my-fish",
        "repo": "oh-my-fish",
        "rev": "ab05441000531d0bc9aaea23b8d4db59b2828a31",
        "type": "github"
      },
      "original": {
        "owner": "oh-my-fish",
        "repo": "oh-my-fish",
        "type": "github"
      }
    },
    "root": {
      "inputs": {
        "easy-dhall-nix": "easy-dhall-nix",
        "easy-purescript-nix": "easy-purescript-nix",
        "fish-plugin-z": "fish-plugin-z",
        "fish-theme-agnoster": "fish-theme-agnoster",
        "fish-theme-dangerous": "fish-theme-dangerous",
        "fish-theme-harleen": "fish-theme-harleen",
        "githubNvimTheme": "githubNvimTheme",
        "home-manager": "home-manager",
        "neovim-nightly-overlay": "neovim-nightly-overlay",
        "nixos-unstable": "nixos-unstable",
        "nixpkgs": "nixpkgs",
        "nixpkgs-unstable": "nixpkgs-unstable",
        "oh-my-fish": "oh-my-fish",
        "telescope-file-browser-nvim": "telescope-file-browser-nvim",
        "vim-extra-plugins": "vim-extra-plugins"
      }
    },
    "telescope-file-browser-nvim": {
      "flake": false,
      "locked": {
        "lastModified": 1645182018,
        "narHash": "sha256-MFKjdmO0KnZWodUeaXrJExM+j6kplDl9HzHwNfJabOc=",
        "owner": "nvim-telescope",
        "repo": "telescope-file-browser.nvim",
        "rev": "d06fe1d4ade68ba17739025e55e941f9e977d37c",
        "type": "github"
      },
      "original": {
        "owner": "nvim-telescope",
        "repo": "telescope-file-browser.nvim",
        "type": "github"
      }
    },
    "vim-extra-plugins": {
      "inputs": {
        "flake-compat": "flake-compat_2",
        "flake-utils": "flake-utils_2",
        "nixpkgs": "nixpkgs_2"
      },
      "locked": {
        "lastModified": 1646576673,
        "narHash": "sha256-zS5O7nW4sBzAa+hnEfI2P8J42XjfyEYrUU0VXnbvIIA=",
        "owner": "m15a",
        "repo": "nixpkgs-vim-extra-plugins",
        "rev": "efe7a114effc4e242b3b8a848a6c86e1b552994b",
        "type": "github"
      },
      "original": {
        "owner": "m15a",
        "repo": "nixpkgs-vim-extra-plugins",
        "type": "github"
      }
    }
  },
  "root": "root",
  "version": 7
}
